PODS:
  - WZPresentationController (0.2.0)

DEPENDENCIES:
  - WZPresentationController (from `../`)

EXTERNAL SOURCES:
  WZPresentationController:
    :path: "../"

SPEC CHECKSUMS:
  WZPresentationController: 16ed5e049b8005ea910c9e9ebe302aaae8d7f5dc

PODFILE CHECKSUM: a5702aac985d73920ac77f2c2761eb8f50b4ac11

COCOAPODS: 1.5.3
