PODS:
  - WZPresentationController (0.2.0)

DEPENDENCIES:
  - WZPresentationController (from `../`)

EXTERNAL SOURCES:
  WZPresentationController:
    :path: "../"

SPEC CHECKSUMS:
  WZPresentationController: 304dbf7287743b622ec883370b3b3da5a7e5bd33

PODFILE CHECKSUM: a5702aac985d73920ac77f2c2761eb8f50b4ac11

COCOAPODS: 1.5.3
